
Microsoft Visual Studio Solution File, Format Version 12.00
# Visual Studio Version 16
VisualStudioVersion = 16.0.31624.102
MinimumVisualStudioVersion = 10.0.40219.1
Project("{FAE04EC0-301F-11D3-BF4B-00C04F79EFBC}") = "ClassMetotDemo", "ClassMetotDemo\ClassMetotDemo.csproj", "{855123F6-0C2E-4F74-B78A-EF1EA95FC59C}"
EndProject
Global
	GlobalSection(SolutionConfigurationPlatforms) = preSolution
		Debug|Any CPU = Debug|Any CPU
		Release|Any CPU = Release|Any CPU
	EndGlobalSection
	GlobalSection(ProjectConfigurationPlatforms) = postSolution
		{855123F6-0C2E-4F74-B78A-EF1EA95FC59C}.Debug|Any CPU.ActiveCfg = Debug|Any CPU
		{855123F6-0C2E-4F74-B78A-EF1EA95FC59C}.Debug|Any CPU.Build.0 = Debug|Any CPU
		{855123F6-0C2E-4F74-B78A-EF1EA95FC59C}.Release|Any CPU.ActiveCfg = Release|Any CPU
		{855123F6-0C2E-4F74-B78A-EF1EA95FC59C}.Release|Any CPU.Build.0 = Release|Any CPU
	EndGlobalSection
	GlobalSection(SolutionProperties) = preSolution
		HideSolutionNode = FALSE
	EndGlobalSection
	GlobalSection(ExtensibilityGlobals) = postSolution
		SolutionGuid = {67EE0BDA-C9B7-4628-AD5B-CE7A8FDE54C9}
	EndGlobalSection
EndGlobal
